
Microsoft Visual Studio Solution File, Format Version 12.00
# Visual Studio Version 17
VisualStudioVersion = 17.1.32421.90
MinimumVisualStudioVersion = 10.0.40219.1
Project("{FAE04EC0-301F-11D3-BF4B-00C04F79EFBC}") = "MoviesCatalog.Application", "MoviesCatalog.Application\MoviesCatalog.Application.csproj", "{10E8E806-A090-47EC-8DE4-BFCC3F4B06A5}"
EndProject
Project("{FAE04EC0-301F-11D3-BF4B-00C04F79EFBC}") = "MoviesCatalogDomain", "MoviesCatalogDomain\MoviesCatalogDomain.csproj", "{002D8ACE-6C60-4BAA-9A97-35F1518DF825}"
EndProject
Project("{FAE04EC0-301F-11D3-BF4B-00C04F79EFBC}") = "MoviesCatalogDataAccess", "MoviesCatalogDataAccess\MoviesCatalogDataAccess.csproj", "{F67570F6-D789-4D60-8E78-6E6C3CE01BEC}"
EndProject
Project("{FAE04EC0-301F-11D3-BF4B-00C04F79EFBC}") = "MoviesCatalogModels", "MoviesCatalogModels\MoviesCatalogModels.csproj", "{51B23BEA-579A-45C1-B903-9AAD807F98DD}"
EndProject
Project("{FAE04EC0-301F-11D3-BF4B-00C04F79EFBC}") = "MoviesCatalogBusinessLayer", "MoviesCatalogBusinessLayer\MoviesCatalogBusinessLayer.csproj", "{D64751B5-AAF0-4DEB-BAD1-0ACBAF86AAEA}"
EndProject
Global
	GlobalSection(SolutionConfigurationPlatforms) = preSolution
		Debug|Any CPU = Debug|Any CPU
		Release|Any CPU = Release|Any CPU
	EndGlobalSection
	GlobalSection(ProjectConfigurationPlatforms) = postSolution
		{10E8E806-A090-47EC-8DE4-BFCC3F4B06A5}.Debug|Any CPU.ActiveCfg = Debug|Any CPU
		{10E8E806-A090-47EC-8DE4-BFCC3F4B06A5}.Debug|Any CPU.Build.0 = Debug|Any CPU
		{10E8E806-A090-47EC-8DE4-BFCC3F4B06A5}.Release|Any CPU.ActiveCfg = Release|Any CPU
		{10E8E806-A090-47EC-8DE4-BFCC3F4B06A5}.Release|Any CPU.Build.0 = Release|Any CPU
		{002D8ACE-6C60-4BAA-9A97-35F1518DF825}.Debug|Any CPU.ActiveCfg = Debug|Any CPU
		{002D8ACE-6C60-4BAA-9A97-35F1518DF825}.Debug|Any CPU.Build.0 = Debug|Any CPU
		{002D8ACE-6C60-4BAA-9A97-35F1518DF825}.Release|Any CPU.ActiveCfg = Release|Any CPU
		{002D8ACE-6C60-4BAA-9A97-35F1518DF825}.Release|Any CPU.Build.0 = Release|Any CPU
		{F67570F6-D789-4D60-8E78-6E6C3CE01BEC}.Debug|Any CPU.ActiveCfg = Debug|Any CPU
		{F67570F6-D789-4D60-8E78-6E6C3CE01BEC}.Debug|Any CPU.Build.0 = Debug|Any CPU
		{F67570F6-D789-4D60-8E78-6E6C3CE01BEC}.Release|Any CPU.ActiveCfg = Release|Any CPU
		{F67570F6-D789-4D60-8E78-6E6C3CE01BEC}.Release|Any CPU.Build.0 = Release|Any CPU
		{51B23BEA-579A-45C1-B903-9AAD807F98DD}.Debug|Any CPU.ActiveCfg = Debug|Any CPU
		{51B23BEA-579A-45C1-B903-9AAD807F98DD}.Debug|Any CPU.Build.0 = Debug|Any CPU
		{51B23BEA-579A-45C1-B903-9AAD807F98DD}.Release|Any CPU.ActiveCfg = Release|Any CPU
		{51B23BEA-579A-45C1-B903-9AAD807F98DD}.Release|Any CPU.Build.0 = Release|Any CPU
		{D64751B5-AAF0-4DEB-BAD1-0ACBAF86AAEA}.Debug|Any CPU.ActiveCfg = Debug|Any CPU
		{D64751B5-AAF0-4DEB-BAD1-0ACBAF86AAEA}.Debug|Any CPU.Build.0 = Debug|Any CPU
		{D64751B5-AAF0-4DEB-BAD1-0ACBAF86AAEA}.Release|Any CPU.ActiveCfg = Release|Any CPU
		{D64751B5-AAF0-4DEB-BAD1-0ACBAF86AAEA}.Release|Any CPU.Build.0 = Release|Any CPU
	EndGlobalSection
	GlobalSection(SolutionProperties) = preSolution
		HideSolutionNode = FALSE
	EndGlobalSection
	GlobalSection(ExtensibilityGlobals) = postSolution
		SolutionGuid = {A5AA6CB8-0CC6-4D4E-83AB-DF4A2DD94ECE}
	EndGlobalSection
EndGlobal
